
Microsoft Visual Studio Solution File, Format Version 12.00
# Visual Studio 2012
Project("{FAE04EC0-301F-11D3-BF4B-00C04F79EFBC}") = "Reverse Polish notation", "Reverse Polish notation\Reverse Polish notation.csproj", "{A2374ABC-59AA-4359-A869-06126080C974}"
EndProject
Project("{FAE04EC0-301F-11D3-BF4B-00C04F79EFBC}") = "Evaluation", "Evaluation\Evaluation.csproj", "{81ECBD1D-B2FF-4D73-B230-0A62EF7CFFF6}"
EndProject
Project("{FAE04EC0-301F-11D3-BF4B-00C04F79EFBC}") = "Range_Calculator", "Range_Calculator\Range_Calculator.csproj", "{443FEEED-96D5-4D43-9CE3-B8B52D32A26D}"
EndProject
Project("{FAE04EC0-301F-11D3-BF4B-00C04F79EFBC}") = "GraphDrawing", "GraphDrawing\GraphDrawing.csproj", "{8A95A0D8-9751-47F4-846E-68B6CEE0015E}"
EndProject
Global
	GlobalSection(SolutionConfigurationPlatforms) = preSolution
		Debug|Any CPU = Debug|Any CPU
		Release|Any CPU = Release|Any CPU
	EndGlobalSection
	GlobalSection(ProjectConfigurationPlatforms) = postSolution
		{A2374ABC-59AA-4359-A869-06126080C974}.Debug|Any CPU.ActiveCfg = Debug|Any CPU
		{A2374ABC-59AA-4359-A869-06126080C974}.Debug|Any CPU.Build.0 = Debug|Any CPU
		{A2374ABC-59AA-4359-A869-06126080C974}.Release|Any CPU.ActiveCfg = Release|Any CPU
		{A2374ABC-59AA-4359-A869-06126080C974}.Release|Any CPU.Build.0 = Release|Any CPU
		{81ECBD1D-B2FF-4D73-B230-0A62EF7CFFF6}.Debug|Any CPU.ActiveCfg = Debug|Any CPU
		{81ECBD1D-B2FF-4D73-B230-0A62EF7CFFF6}.Debug|Any CPU.Build.0 = Debug|Any CPU
		{81ECBD1D-B2FF-4D73-B230-0A62EF7CFFF6}.Release|Any CPU.ActiveCfg = Release|Any CPU
		{81ECBD1D-B2FF-4D73-B230-0A62EF7CFFF6}.Release|Any CPU.Build.0 = Release|Any CPU
		{443FEEED-96D5-4D43-9CE3-B8B52D32A26D}.Debug|Any CPU.ActiveCfg = Debug|Any CPU
		{443FEEED-96D5-4D43-9CE3-B8B52D32A26D}.Debug|Any CPU.Build.0 = Debug|Any CPU
		{443FEEED-96D5-4D43-9CE3-B8B52D32A26D}.Release|Any CPU.ActiveCfg = Release|Any CPU
		{443FEEED-96D5-4D43-9CE3-B8B52D32A26D}.Release|Any CPU.Build.0 = Release|Any CPU
		{8A95A0D8-9751-47F4-846E-68B6CEE0015E}.Debug|Any CPU.ActiveCfg = Debug|Any CPU
		{8A95A0D8-9751-47F4-846E-68B6CEE0015E}.Debug|Any CPU.Build.0 = Debug|Any CPU
		{8A95A0D8-9751-47F4-846E-68B6CEE0015E}.Release|Any CPU.ActiveCfg = Release|Any CPU
		{8A95A0D8-9751-47F4-846E-68B6CEE0015E}.Release|Any CPU.Build.0 = Release|Any CPU
	EndGlobalSection
	GlobalSection(SolutionProperties) = preSolution
		HideSolutionNode = FALSE
	EndGlobalSection
EndGlobal
